
Microsoft Visual Studio Solution File, Format Version 12.00
# Visual Studio Version 17
VisualStudioVersion = 17.9.34622.214
MinimumVisualStudioVersion = 10.0.40219.1
Project("{9A19103F-16F7-4668-BE54-9A1E7A4F7556}") = "ServicosRestFull", "ServicosRestFull\ServicosRestFull.csproj", "{8226CE95-8AC6-4E9B-AC73-8E443618A34D}"
EndProject
Project("{9A19103F-16F7-4668-BE54-9A1E7A4F7556}") = "TelaVinho", "TelaVinho\TelaVinho.csproj", "{098CD661-D1AC-470F-90C9-1C7488D4A96C}"
EndProject
Project("{FAE04EC0-301F-11D3-BF4B-00C04F79EFBC}") = "SiteVinho", "SiteVinho\SiteVinho.csproj", "{7601EE73-157A-4692-8B84-E484120528F9}"
EndProject
Global
	GlobalSection(SolutionConfigurationPlatforms) = preSolution
		Debug|Any CPU = Debug|Any CPU
		Release|Any CPU = Release|Any CPU
	EndGlobalSection
	GlobalSection(ProjectConfigurationPlatforms) = postSolution
		{8226CE95-8AC6-4E9B-AC73-8E443618A34D}.Debug|Any CPU.ActiveCfg = Debug|Any CPU
		{8226CE95-8AC6-4E9B-AC73-8E443618A34D}.Debug|Any CPU.Build.0 = Debug|Any CPU
		{8226CE95-8AC6-4E9B-AC73-8E443618A34D}.Release|Any CPU.ActiveCfg = Release|Any CPU
		{8226CE95-8AC6-4E9B-AC73-8E443618A34D}.Release|Any CPU.Build.0 = Release|Any CPU
		{098CD661-D1AC-470F-90C9-1C7488D4A96C}.Debug|Any CPU.ActiveCfg = Debug|Any CPU
		{098CD661-D1AC-470F-90C9-1C7488D4A96C}.Debug|Any CPU.Build.0 = Debug|Any CPU
		{098CD661-D1AC-470F-90C9-1C7488D4A96C}.Release|Any CPU.ActiveCfg = Release|Any CPU
		{098CD661-D1AC-470F-90C9-1C7488D4A96C}.Release|Any CPU.Build.0 = Release|Any CPU
		{7601EE73-157A-4692-8B84-E484120528F9}.Debug|Any CPU.ActiveCfg = Debug|Any CPU
		{7601EE73-157A-4692-8B84-E484120528F9}.Debug|Any CPU.Build.0 = Debug|Any CPU
		{7601EE73-157A-4692-8B84-E484120528F9}.Release|Any CPU.ActiveCfg = Release|Any CPU
		{7601EE73-157A-4692-8B84-E484120528F9}.Release|Any CPU.Build.0 = Release|Any CPU
	EndGlobalSection
	GlobalSection(SolutionProperties) = preSolution
		HideSolutionNode = FALSE
	EndGlobalSection
	GlobalSection(ExtensibilityGlobals) = postSolution
		SolutionGuid = {5852DC15-1A69-4E23-B7C8-7A70DAAF6EAF}
	EndGlobalSection
EndGlobal
